{
	"name": "azure-space-mystery-functions",
	"version": "1.0.0",
	"lockfileVersion": 1,
	"requires": true,
	"dependencies": {
		"playfab-sdk": {
			"version": "2.61.201217",
			"resolved": "https://registry.npmjs.org/playfab-sdk/-/playfab-sdk-2.61.201217.tgz",
			"integrity": "sha512-NqzehHFGHw8bh8C0S7LJG61JvNIykEVoGTFXgoXguWauvToXN+lqWxhM139qfx8DbZZN5FHqzsfhmdr0F7DvYg=="
		}
	}
}
